
Microsoft Visual Studio Solution File, Format Version 12.00
# Visual Studio Version 16
VisualStudioVersion = 16.0.30907.101
MinimumVisualStudioVersion = 10.0.40219.1
Project("{FAE04EC0-301F-11D3-BF4B-00C04F79EFBC}") = "Lab_task_1", "Lab_task_1\Lab_task_1.csproj", "{2A8B0391-A264-4701-B255-54D578E45F06}"
EndProject
Global
	GlobalSection(SolutionConfigurationPlatforms) = preSolution
		Debug|Any CPU = Debug|Any CPU
		Release|Any CPU = Release|Any CPU
	EndGlobalSection
	GlobalSection(ProjectConfigurationPlatforms) = postSolution
		{2A8B0391-A264-4701-B255-54D578E45F06}.Debug|Any CPU.ActiveCfg = Debug|Any CPU
		{2A8B0391-A264-4701-B255-54D578E45F06}.Debug|Any CPU.Build.0 = Debug|Any CPU
		{2A8B0391-A264-4701-B255-54D578E45F06}.Release|Any CPU.ActiveCfg = Release|Any CPU
		{2A8B0391-A264-4701-B255-54D578E45F06}.Release|Any CPU.Build.0 = Release|Any CPU
	EndGlobalSection
	GlobalSection(SolutionProperties) = preSolution
		HideSolutionNode = FALSE
	EndGlobalSection
	GlobalSection(ExtensibilityGlobals) = postSolution
		SolutionGuid = {F754E645-E147-4FF1-89FC-48166483826A}
	EndGlobalSection
EndGlobal
