
Microsoft Visual Studio Solution File, Format Version 12.00
# Visual Studio Version 16
VisualStudioVersion = 16.0.31005.135
MinimumVisualStudioVersion = 10.0.40219.1
Project("{FAE04EC0-301F-11D3-BF4B-00C04F79EFBC}") = "Lab Task 14-02-21", "Lab Task 14-02-21\Lab Task 14-02-21.csproj", "{09E1FEFB-7268-4266-8239-8FC3BD0B7FDC}"
EndProject
Global
	GlobalSection(SolutionConfigurationPlatforms) = preSolution
		Debug|Any CPU = Debug|Any CPU
		Release|Any CPU = Release|Any CPU
	EndGlobalSection
	GlobalSection(ProjectConfigurationPlatforms) = postSolution
		{09E1FEFB-7268-4266-8239-8FC3BD0B7FDC}.Debug|Any CPU.ActiveCfg = Debug|Any CPU
		{09E1FEFB-7268-4266-8239-8FC3BD0B7FDC}.Debug|Any CPU.Build.0 = Debug|Any CPU
		{09E1FEFB-7268-4266-8239-8FC3BD0B7FDC}.Release|Any CPU.ActiveCfg = Release|Any CPU
		{09E1FEFB-7268-4266-8239-8FC3BD0B7FDC}.Release|Any CPU.Build.0 = Release|Any CPU
	EndGlobalSection
	GlobalSection(SolutionProperties) = preSolution
		HideSolutionNode = FALSE
	EndGlobalSection
	GlobalSection(ExtensibilityGlobals) = postSolution
		SolutionGuid = {61E62195-1ACF-4B3F-B97E-7C1422CEE49B}
	EndGlobalSection
EndGlobal
